<?xml version="1.0" encoding="utf-8"?>
<Project ToolsVersion="4.0" xmlns="http://schemas.microsoft.com/developer/msbuild/2003">
  <ItemGroup>
    <Filter Include="Quelldateien">
      <UniqueIdentifier>{4FC737F1-C7A5-4376-A066-2A32D752A2FF}</UniqueIdentifier>
      <Extensions>cpp;c;cc;cxx;def;odl;idl;hpj;bat;asm;asmx</Extensions>
    </Filter>
    <Filter Include="Headerdateien">
      <UniqueIdentifier>{93995380-89BD-4b04-88EB-625FBE52EBFB}</UniqueIdentifier>
      <Extensions>h;hpp;hxx;hm;inl;inc;xsd</Extensions>
    </Filter>
    <Filter Include="Ressourcendateien">
      <UniqueIdentifier>{67DA6AB6-F800-4c08-8B7A-83BB121AAD01}</UniqueIdentifier>
      <Extensions>rc;ico;cur;bmp;dlg;rc2;rct;bin;rgs;gif;jpg;jpeg;jpe;resx;tiff;tif;png;wav;mfcribbon-ms</Extensions>
    </Filter>
  </ItemGroup>
  <ItemGroup>
    <ClCompile Include="main.cpp">
      <Filter>Quelldateien</Filter>
    </ClCompile>
    <ClCompile Include="EigSolver.cpp">
      <Filter>Quelldateien</Filter>
    </ClCompile>
    <ClCompile Include="VectorXd.cpp">
      <Filter>Quelldateien</Filter>
    </ClCompile>
    <ClCompile Include="VectorXi.cpp">
      <Filter>Quelldateien</Filter>
    </ClCompile>
    <ClCompile Include="SparseMat.cpp">
      <Filter>Quelldateien</Filter>
    </ClCompile>
    <ClCompile Include="DiagonalMat.cpp">
      <Filter>Quelldateien</Filter>
    </ClCompile>
    <ClCompile Include="TripletDoubleList.cpp">
      <Filter>Quelldateien</Filter>
    </ClCompile>
    <ClCompile Include="SimpLDLT.cpp">
      <Filter>Quelldateien</Filter>
    </ClCompile>
    <ClCompile Include="Mat.cpp">
      <Filter>Quelldateien</Filter>
    </ClCompile>
    <ClCompile Include="JacobiSVD.cpp">
      <Filter>Quelldateien</Filter>
    </ClCompile>
    <ClCompile Include="LeastSquaresConjugateGrad.cpp">
      <Filter>Quelldateien</Filter>
    </ClCompile>
    <ClCompile Include="SpQR.cpp">
      <Filter>Quelldateien</Filter>
    </ClCompile>
    <ClCompile Include="Mat3x3D.cpp">
      <Filter>Quelldateien</Filter>
    </ClCompile>
    <ClCompile Include="Vec3D.cpp">
      <Filter>Quelldateien</Filter>
    </ClCompile>
    <ClCompile Include="ISol.cpp">
      <Filter>Quelldateien</Filter>
    </ClCompile>
    <ClCompile Include="Quat.cpp">
      <Filter>Quelldateien</Filter>
    </ClCompile>
    <ClCompile Include="ConjugateGrad.cpp">
      <Filter>Quelldateien</Filter>
    </ClCompile>
    <ClCompile Include="GMRES.cpp">
      <Filter>Quelldateien</Filter>
    </ClCompile>
    <ClCompile Include="BiSTAB.cpp">
      <Filter>Quelldateien</Filter>
    </ClCompile>
    <ClCompile Include="DGMR.cpp">
      <Filter>Quelldateien</Filter>
    </ClCompile>
    <ClCompile Include="MINRE.cpp">
      <Filter>Quelldateien</Filter>
    </ClCompile>
    <ClCompile Include="Spectra.cpp">
      <Filter>Quelldateien</Filter>
    </ClCompile>
  </ItemGroup>
  <ItemGroup>
    <ClInclude Include="EigSolver.h">
      <Filter>Headerdateien</Filter>
    </ClInclude>
    <ClInclude Include="VectorXd.h">
      <Filter>Headerdateien</Filter>
    </ClInclude>
    <ClInclude Include="VectorXi.h">
      <Filter>Headerdateien</Filter>
    </ClInclude>
    <ClInclude Include="SparseMat.h">
      <Filter>Headerdateien</Filter>
    </ClInclude>
    <ClInclude Include="DiagonalMat.h">
      <Filter>Headerdateien</Filter>
    </ClInclude>
    <ClInclude Include="NativeData.h">
      <Filter>Headerdateien</Filter>
    </ClInclude>
    <ClInclude Include="TripletDoubleList.h">
      <Filter>Headerdateien</Filter>
    </ClInclude>
    <ClInclude Include="SimpLDLT.h">
      <Filter>Headerdateien</Filter>
    </ClInclude>
    <ClInclude Include="Problem.h">
      <Filter>Headerdateien</Filter>
    </ClInclude>
    <ClInclude Include="Mat.h">
      <Filter>Headerdateien</Filter>
    </ClInclude>
    <ClInclude Include="JacobiSVD.h">
      <Filter>Headerdateien</Filter>
    </ClInclude>
    <ClInclude Include="LeastSquaresConjugateGrad.h">
      <Filter>Headerdateien</Filter>
    </ClInclude>
    <ClInclude Include="SpQR.h">
      <Filter>Headerdateien</Filter>
    </ClInclude>
    <ClInclude Include="LinearSolver.h">
      <Filter>Headerdateien</Filter>
    </ClInclude>
    <ClInclude Include="Mat3x3D.h">
      <Filter>Headerdateien</Filter>
    </ClInclude>
    <ClInclude Include="Vec3D.h">
      <Filter>Headerdateien</Filter>
    </ClInclude>
    <ClInclude Include="ISol.h">
      <Filter>Headerdateien</Filter>
    </ClInclude>
    <ClInclude Include="Quat.h">
      <Filter>Headerdateien</Filter>
    </ClInclude>
    <ClInclude Include="ConjugateGrad.h">
      <Filter>Headerdateien</Filter>
    </ClInclude>
    <ClInclude Include="GMRES.h">
      <Filter>Headerdateien</Filter>
    </ClInclude>
    <ClInclude Include="BiSTAB.h">
      <Filter>Headerdateien</Filter>
    </ClInclude>
    <ClInclude Include="DGMR.h">
      <Filter>Headerdateien</Filter>
    </ClInclude>
    <ClInclude Include="MINRE.h">
      <Filter>Headerdateien</Filter>
    </ClInclude>
    <ClInclude Include="Spectra.h">
      <Filter>Headerdateien</Filter>
    </ClInclude>
  </ItemGroup>
</Project>